PODS:
  - Alamofire (4.9.1)
  - SwiftyJSON (4.3.0)
  - TimeZoneLocate (0.5.0)

DEPENDENCIES:
  - Alamofire
  - SwiftyJSON
  - TimeZoneLocate

SPEC REPOS:
  trunk:
    - Alamofire
    - SwiftyJSON
    - TimeZoneLocate

SPEC CHECKSUMS:
  Alamofire: 85e8a02c69d6020a0d734f6054870d7ecb75cf18
  SwiftyJSON: 6faa0040f8b59dead0ee07436cbf76b73c08fd08
  TimeZoneLocate: 8536d7435a408ac14b6e0190ffcca2c2bb91aff8

PODFILE CHECKSUM: c39ad3e03179869329757eb07532e72a971f3a02

COCOAPODS: 1.10.1
